
Microsoft Visual Studio Solution File, Format Version 12.00
# Visual Studio Version 17
VisualStudioVersion = 17.14.36429.23
MinimumVisualStudioVersion = 10.0.40219.1
Project("{FAE04EC0-301F-11D3-BF4B-00C04F79EFBC}") = "Elevator.Tests", "..\ElevatorSimulation.Tests\Elevator.Tests.csproj", "{09D13BDB-00F5-4F53-B40B-7F0B27DE2702}"
EndProject
Project("{FAE04EC0-301F-11D3-BF4B-00C04F79EFBC}") = "Elevator.Domain", "..\Elevator.Domain\Elevator.Domain.csproj", "{0495A978-AC62-421C-8D0E-6BD508C31941}"
EndProject
Project("{FAE04EC0-301F-11D3-BF4B-00C04F79EFBC}") = "Elevator.Application", "..\Elevator.Application\Elevator.Application.csproj", "{F8CE8ABC-2E9E-481B-8499-AE222FCA691A}"
EndProject
Project("{FAE04EC0-301F-11D3-BF4B-00C04F79EFBC}") = "Elevator.Infrastructure", "..\Elevator.Infrastructure\Elevator.Infrastructure.csproj", "{81F93797-7746-4B53-8EF6-E6AFC8AEDD41}"
EndProject
Project("{FAE04EC0-301F-11D3-BF4B-00C04F79EFBC}") = "Elevator.Console", "..\Elevator.Console\Elevator.Console.csproj", "{DB20BF13-E625-4212-AA25-52617FE556D1}"
EndProject
Global
	GlobalSection(SolutionConfigurationPlatforms) = preSolution
		Debug|Any CPU = Debug|Any CPU
		Release|Any CPU = Release|Any CPU
	EndGlobalSection
	GlobalSection(ProjectConfigurationPlatforms) = postSolution
		{09D13BDB-00F5-4F53-B40B-7F0B27DE2702}.Debug|Any CPU.ActiveCfg = Debug|Any CPU
		{09D13BDB-00F5-4F53-B40B-7F0B27DE2702}.Debug|Any CPU.Build.0 = Debug|Any CPU
		{09D13BDB-00F5-4F53-B40B-7F0B27DE2702}.Release|Any CPU.ActiveCfg = Release|Any CPU
		{09D13BDB-00F5-4F53-B40B-7F0B27DE2702}.Release|Any CPU.Build.0 = Release|Any CPU
		{0495A978-AC62-421C-8D0E-6BD508C31941}.Debug|Any CPU.ActiveCfg = Debug|Any CPU
		{0495A978-AC62-421C-8D0E-6BD508C31941}.Debug|Any CPU.Build.0 = Debug|Any CPU
		{0495A978-AC62-421C-8D0E-6BD508C31941}.Release|Any CPU.ActiveCfg = Release|Any CPU
		{0495A978-AC62-421C-8D0E-6BD508C31941}.Release|Any CPU.Build.0 = Release|Any CPU
		{F8CE8ABC-2E9E-481B-8499-AE222FCA691A}.Debug|Any CPU.ActiveCfg = Debug|Any CPU
		{F8CE8ABC-2E9E-481B-8499-AE222FCA691A}.Debug|Any CPU.Build.0 = Debug|Any CPU
		{F8CE8ABC-2E9E-481B-8499-AE222FCA691A}.Release|Any CPU.ActiveCfg = Release|Any CPU
		{F8CE8ABC-2E9E-481B-8499-AE222FCA691A}.Release|Any CPU.Build.0 = Release|Any CPU
		{81F93797-7746-4B53-8EF6-E6AFC8AEDD41}.Debug|Any CPU.ActiveCfg = Debug|Any CPU
		{81F93797-7746-4B53-8EF6-E6AFC8AEDD41}.Debug|Any CPU.Build.0 = Debug|Any CPU
		{81F93797-7746-4B53-8EF6-E6AFC8AEDD41}.Release|Any CPU.ActiveCfg = Release|Any CPU
		{81F93797-7746-4B53-8EF6-E6AFC8AEDD41}.Release|Any CPU.Build.0 = Release|Any CPU
		{DB20BF13-E625-4212-AA25-52617FE556D1}.Debug|Any CPU.ActiveCfg = Debug|Any CPU
		{DB20BF13-E625-4212-AA25-52617FE556D1}.Debug|Any CPU.Build.0 = Debug|Any CPU
		{DB20BF13-E625-4212-AA25-52617FE556D1}.Release|Any CPU.ActiveCfg = Release|Any CPU
		{DB20BF13-E625-4212-AA25-52617FE556D1}.Release|Any CPU.Build.0 = Release|Any CPU
	EndGlobalSection
	GlobalSection(SolutionProperties) = preSolution
		HideSolutionNode = FALSE
	EndGlobalSection
	GlobalSection(ExtensibilityGlobals) = postSolution
		SolutionGuid = {D4EC1794-8652-4312-A590-D0229257834D}
	EndGlobalSection
EndGlobal
