
Microsoft Visual Studio Solution File, Format Version 12.00
# Visual Studio Version 17
VisualStudioVersion = 17.14.36429.23 d17.14
MinimumVisualStudioVersion = 10.0.40219.1
Project("{FAE04EC0-301F-11D3-BF4B-00C04F79EFBC}") = "ElevatorSimulation", "ElevatorSimulation.csproj", "{C6476419-B5E8-4F7F-88E9-6D3CF9095E80}"
EndProject
Project("{FAE04EC0-301F-11D3-BF4B-00C04F79EFBC}") = "ElevatorSimulation.Tests", "..\ElevatorSimulation.Tests\ElevatorSimulation.Tests.csproj", "{09D13BDB-00F5-4F53-B40B-7F0B27DE2702}"
	ProjectSection(ProjectDependencies) = postProject
		{C6476419-B5E8-4F7F-88E9-6D3CF9095E80} = {C6476419-B5E8-4F7F-88E9-6D3CF9095E80}
	EndProjectSection
EndProject
Global
	GlobalSection(SolutionConfigurationPlatforms) = preSolution
		Debug|Any CPU = Debug|Any CPU
		Release|Any CPU = Release|Any CPU
	EndGlobalSection
	GlobalSection(ProjectConfigurationPlatforms) = postSolution
		{C6476419-B5E8-4F7F-88E9-6D3CF9095E80}.Debug|Any CPU.ActiveCfg = Debug|Any CPU
		{C6476419-B5E8-4F7F-88E9-6D3CF9095E80}.Debug|Any CPU.Build.0 = Debug|Any CPU
		{C6476419-B5E8-4F7F-88E9-6D3CF9095E80}.Release|Any CPU.ActiveCfg = Release|Any CPU
		{C6476419-B5E8-4F7F-88E9-6D3CF9095E80}.Release|Any CPU.Build.0 = Release|Any CPU
		{09D13BDB-00F5-4F53-B40B-7F0B27DE2702}.Debug|Any CPU.ActiveCfg = Debug|Any CPU
		{09D13BDB-00F5-4F53-B40B-7F0B27DE2702}.Debug|Any CPU.Build.0 = Debug|Any CPU
		{09D13BDB-00F5-4F53-B40B-7F0B27DE2702}.Release|Any CPU.ActiveCfg = Release|Any CPU
		{09D13BDB-00F5-4F53-B40B-7F0B27DE2702}.Release|Any CPU.Build.0 = Release|Any CPU
	EndGlobalSection
	GlobalSection(SolutionProperties) = preSolution
		HideSolutionNode = FALSE
	EndGlobalSection
	GlobalSection(ExtensibilityGlobals) = postSolution
		SolutionGuid = {D4EC1794-8652-4312-A590-D0229257834D}
	EndGlobalSection
EndGlobal
